
Microsoft Visual Studio Solution File, Format Version 12.00
# Visual Studio Version 16
VisualStudioVersion = 16.0.30128.74
MinimumVisualStudioVersion = 10.0.40219.1
Project("{9A19103F-16F7-4668-BE54-9A1E7A4F7556}") = "Test", "Test\Test.csproj", "{6959208B-4C25-4071-978D-B91CFA2E6FF0}"
EndProject
Project("{9A19103F-16F7-4668-BE54-9A1E7A4F7556}") = "NewsGatheringServiceWebAPI", "NewsGatheringServiceWebAPI\NewsGatheringServiceWebAPI.csproj", "{C906D406-E8D6-4FDE-AEBA-ED9F6020ABCA}"
EndProject
Project("{9A19103F-16F7-4668-BE54-9A1E7A4F7556}") = "NewsGatheringService.MVC.PL", "NewsGatheringService.MVC.PL\NewsGatheringService.MVC.PL.csproj", "{2C80308A-8909-46C0-8759-9A82157CE5BA}"
EndProject
Project("{9A19103F-16F7-4668-BE54-9A1E7A4F7556}") = "NewsCollector.BLL", "NewsCollector.BLL\NewsCollector.BLL.csproj", "{77056F08-FD3B-4812-A2FA-49301930C093}"
EndProject
Project("{9A19103F-16F7-4668-BE54-9A1E7A4F7556}") = "NewsGatheringService.BLL", "NewsGatheringService.BLL\NewsGatheringService.BLL.csproj", "{70E25C74-1A06-432E-8AD7-F0B4F34E4092}"
EndProject
Project("{9A19103F-16F7-4668-BE54-9A1E7A4F7556}") = "NewsGatheringService.DAL", "NewsGatheringService.DAL\NewsGatheringService.DAL.csproj", "{F80AB63F-6F8F-4F54-AC82-398327ADA88A}"
EndProject
Project("{9A19103F-16F7-4668-BE54-9A1E7A4F7556}") = "NewsGatheringService.Models.BLL", "NewsGatheringService.Models.BLL\NewsGatheringService.Models.BLL.csproj", "{9736A083-DA86-40CF-9E25-0F6218A92F28}"
EndProject
Global
	GlobalSection(SolutionConfigurationPlatforms) = preSolution
		Debug|Any CPU = Debug|Any CPU
		Release|Any CPU = Release|Any CPU
	EndGlobalSection
	GlobalSection(ProjectConfigurationPlatforms) = postSolution
		{6959208B-4C25-4071-978D-B91CFA2E6FF0}.Debug|Any CPU.ActiveCfg = Debug|Any CPU
		{6959208B-4C25-4071-978D-B91CFA2E6FF0}.Debug|Any CPU.Build.0 = Debug|Any CPU
		{6959208B-4C25-4071-978D-B91CFA2E6FF0}.Release|Any CPU.ActiveCfg = Release|Any CPU
		{6959208B-4C25-4071-978D-B91CFA2E6FF0}.Release|Any CPU.Build.0 = Release|Any CPU
		{C906D406-E8D6-4FDE-AEBA-ED9F6020ABCA}.Debug|Any CPU.ActiveCfg = Debug|Any CPU
		{C906D406-E8D6-4FDE-AEBA-ED9F6020ABCA}.Debug|Any CPU.Build.0 = Debug|Any CPU
		{C906D406-E8D6-4FDE-AEBA-ED9F6020ABCA}.Release|Any CPU.ActiveCfg = Release|Any CPU
		{C906D406-E8D6-4FDE-AEBA-ED9F6020ABCA}.Release|Any CPU.Build.0 = Release|Any CPU
		{2C80308A-8909-46C0-8759-9A82157CE5BA}.Debug|Any CPU.ActiveCfg = Debug|Any CPU
		{2C80308A-8909-46C0-8759-9A82157CE5BA}.Debug|Any CPU.Build.0 = Debug|Any CPU
		{2C80308A-8909-46C0-8759-9A82157CE5BA}.Release|Any CPU.ActiveCfg = Release|Any CPU
		{2C80308A-8909-46C0-8759-9A82157CE5BA}.Release|Any CPU.Build.0 = Release|Any CPU
		{77056F08-FD3B-4812-A2FA-49301930C093}.Debug|Any CPU.ActiveCfg = Debug|Any CPU
		{77056F08-FD3B-4812-A2FA-49301930C093}.Debug|Any CPU.Build.0 = Debug|Any CPU
		{77056F08-FD3B-4812-A2FA-49301930C093}.Release|Any CPU.ActiveCfg = Release|Any CPU
		{77056F08-FD3B-4812-A2FA-49301930C093}.Release|Any CPU.Build.0 = Release|Any CPU
		{70E25C74-1A06-432E-8AD7-F0B4F34E4092}.Debug|Any CPU.ActiveCfg = Debug|Any CPU
		{70E25C74-1A06-432E-8AD7-F0B4F34E4092}.Debug|Any CPU.Build.0 = Debug|Any CPU
		{70E25C74-1A06-432E-8AD7-F0B4F34E4092}.Release|Any CPU.ActiveCfg = Release|Any CPU
		{70E25C74-1A06-432E-8AD7-F0B4F34E4092}.Release|Any CPU.Build.0 = Release|Any CPU
		{F80AB63F-6F8F-4F54-AC82-398327ADA88A}.Debug|Any CPU.ActiveCfg = Debug|Any CPU
		{F80AB63F-6F8F-4F54-AC82-398327ADA88A}.Debug|Any CPU.Build.0 = Debug|Any CPU
		{F80AB63F-6F8F-4F54-AC82-398327ADA88A}.Release|Any CPU.ActiveCfg = Release|Any CPU
		{F80AB63F-6F8F-4F54-AC82-398327ADA88A}.Release|Any CPU.Build.0 = Release|Any CPU
		{9736A083-DA86-40CF-9E25-0F6218A92F28}.Debug|Any CPU.ActiveCfg = Debug|Any CPU
		{9736A083-DA86-40CF-9E25-0F6218A92F28}.Debug|Any CPU.Build.0 = Debug|Any CPU
		{9736A083-DA86-40CF-9E25-0F6218A92F28}.Release|Any CPU.ActiveCfg = Release|Any CPU
		{9736A083-DA86-40CF-9E25-0F6218A92F28}.Release|Any CPU.Build.0 = Release|Any CPU
	EndGlobalSection
	GlobalSection(SolutionProperties) = preSolution
		HideSolutionNode = FALSE
	EndGlobalSection
	GlobalSection(ExtensibilityGlobals) = postSolution
		SolutionGuid = {AECB70B2-5852-49C1-9899-D11221754C4D}
	EndGlobalSection
EndGlobal
